// !$*UTF8*$!
{
	archiveVersion = 1;
	classes = {
	};
	objectVersion = 56;
	objects = {

/* Begin PBXBuildFile section */
		265B6E91D2C64428BE348CAC /* NoonanApp.swift in Sources */ = {isa = PBXBuildFile; fileRef = 9C1901B6D05743F8B54C0CE5 /* NoonanApp.swift */; };
		3BF4704592DB4B5183B5DC0C /* ContentView.swift in Sources */ = {isa = PBXBuildFile; fileRef = DB0E0172EF9548AB882E0E83 /* ContentView.swift */; };
		A1B2C3D4E5F647A8B9C0D1E2 /* Config.swift in Sources */ = {isa = PBXBuildFile; fileRef = A1B2C3D4E5F647A8B9C0D1E3 /* Config.swift */; };
		A2B3C4D5E6F748B9C0D1E2F3 /* SupabaseClient.swift in Sources */ = {isa = PBXBuildFile; fileRef = A2B3C4D5E6F748B9C0D1E2F4 /* SupabaseClient.swift */; };
		A3B4C5D6E7F849CAD1E2F3A4 /* User.swift in Sources */ = {isa = PBXBuildFile; fileRef = A3B4C5D6E7F849CAD1E2F3A5 /* User.swift */; };
		A4B5C6D7E8F94ADBE2F3A4B5 /* Round.swift in Sources */ = {isa = PBXBuildFile; fileRef = A4B5C6D7E8F94ADBE2F3A4B6 /* Round.swift */; };
		A5B6C7D8E9FA5BECF3A4B5C6 /* Conversation.swift in Sources */ = {isa = PBXBuildFile; fileRef = A5B6C7D8E9FA5BECF3A4B5C7 /* Conversation.swift */; };
		A6B7C8D9EAFB6CFDA4B5C6D7 /* Message.swift in Sources */ = {isa = PBXBuildFile; fileRef = A6B7C8D9EAFB6CFDA4B5C6D8 /* Message.swift */; };
		A7B8C9DAEBFC7DAEB5C6D7E8 /* Course.swift in Sources */ = {isa = PBXBuildFile; fileRef = A7B8C9DAEBFC7DAEB5C6D7E9 /* Course.swift */; };
/* End PBXBuildFile section */

/* Begin PBXFileReference section */
		9C1901B6D05743F8B54C0CE5 /* NoonanApp.swift */ = {isa = PBXFileReference; lastKnownFileType = sourcecode.swift; path = NoonanApp.swift; sourceTree = "<group>"; };
		DB0E0172EF9548AB882E0E83 /* ContentView.swift */ = {isa = PBXFileReference; lastKnownFileType = sourcecode.swift; path = ContentView.swift; sourceTree = "<group>"; };
		149A5DCDAD174255840E9C62 /* Noonan.app */ = {isa = PBXFileReference; explicitFileType = wrapper.application; includeInIndex = 0; path = Noonan.app; sourceTree = BUILT_PRODUCTS_DIR; };
		A1B2C3D4E5F647A8B9C0D1E3 /* Config.swift */ = {isa = PBXFileReference; lastKnownFileType = sourcecode.swift; path = Config.swift; sourceTree = "<group>"; };
		A2B3C4D5E6F748B9C0D1E2F4 /* SupabaseClient.swift */ = {isa = PBXFileReference; lastKnownFileType = sourcecode.swift; path = SupabaseClient.swift; sourceTree = "<group>"; };
		A3B4C5D6E7F849CAD1E2F3A5 /* User.swift */ = {isa = PBXFileReference; lastKnownFileType = sourcecode.swift; path = User.swift; sourceTree = "<group>"; };
		A4B5C6D7E8F94ADBE2F3A4B6 /* Round.swift */ = {isa = PBXFileReference; lastKnownFileType = sourcecode.swift; path = Round.swift; sourceTree = "<group>"; };
		A5B6C7D8E9FA5BECF3A4B5C7 /* Conversation.swift */ = {isa = PBXFileReference; lastKnownFileType = sourcecode.swift; path = Conversation.swift; sourceTree = "<group>"; };
		A6B7C8D9EAFB6CFDA4B5C6D8 /* Message.swift */ = {isa = PBXFileReference; lastKnownFileType = sourcecode.swift; path = Message.swift; sourceTree = "<group>"; };
		A7B8C9DAEBFC7DAEB5C6D7E9 /* Course.swift */ = {isa = PBXFileReference; lastKnownFileType = sourcecode.swift; path = Course.swift; sourceTree = "<group>"; };
/* End PBXFileReference section */

/* Begin PBXFrameworksBuildPhase section */
		4A162C65B8D544DC8164D4CD /* Frameworks */ = {
			isa = PBXFrameworksBuildPhase;
			buildActionMask = 2147483647;
			files = (
			);
			runOnlyForDeploymentPostprocessing = 0;
		};
/* End PBXFrameworksBuildPhase section */

/* Begin PBXGroup section */
		3C7F6D9A840B47ED95652103 /* = */ = {
			isa = PBXGroup;
			children = (
				72C1BFD6C0FC4416A7C83937 /* Noonan */,
				1383A2DB70DC4EA7AB1E4ACB /* Products */,
			);
			sourceTree = "<group>";
		};
		72C1BFD6C0FC4416A7C83937 /* Noonan */ = {
			isa = PBXGroup;
			children = (
				9C1901B6D05743F8B54C0CE5 /* NoonanApp.swift */,
				DB0E0172EF9548AB882E0E83 /* ContentView.swift */,
				A1B2C3D4E5F647A8B9C0D1E3 /* Config.swift */,
				A2B3C4D5E6F748B9C0D1E2F4 /* SupabaseClient.swift */,
				B1C2D3E4F5A647B8C9D0E1F2 /* Models */,
			);
			path = Noonan;
			sourceTree = "<group>";
		};
		B1C2D3E4F5A647B8C9D0E1F2 /* Models */ = {
			isa = PBXGroup;
			children = (
				A3B4C5D6E7F849CAD1E2F3A5 /* User.swift */,
				A4B5C6D7E8F94ADBE2F3A4B6 /* Round.swift */,
				A5B6C7D8E9FA5BECF3A4B5C7 /* Conversation.swift */,
				A6B7C8D9EAFB6CFDA4B5C6D8 /* Message.swift */,
				A7B8C9DAEBFC7DAEB5C6D7E9 /* Course.swift */,
			);
			path = Models;
			sourceTree = "<group>";
		};
		1383A2DB70DC4EA7AB1E4ACB /* Products */ = {
			isa = PBXGroup;
			children = (
				149A5DCDAD174255840E9C62 /* Noonan.app */,
			);
			name = Products;
			sourceTree = "<group>";
		};
/* End PBXGroup section */

/* Begin PBXNativeTarget section */
		F2AF49ED2095410EAC324471 /* Noonan */ = {
			isa = PBXNativeTarget;
			buildConfigurationList = 942CB0CB5BC44089ABEB9DFF /* Build configuration list for PBXNativeTarget "Noonan" */;
			buildPhases = (
				BC88CC76DC404759A129B18C /* Sources */,
				4A162C65B8D544DC8164D4CD /* Frameworks */,
				DF29E49ACF464909BFA358D2 /* Resources */,
			);
			buildRules = (
			);
			dependencies = (
			);
			name = Noonan;
			packageProductDependencies = (
				3906B1047E3F49F59E5A4454 /* Supabase */,
			);
			productName = Noonan;
			productReference = 149A5DCDAD174255840E9C62 /* Noonan.app */;
			productType = "com.apple.product-type.application";
		};
/* End PBXNativeTarget section */

/* Begin PBXProject section */
		E6D3DC4F3280434DB148998E /* Project object */ = {
			isa = PBXProject;
			attributes = {
				BuildIndependentTargetsInParallel = 1;
				LastSwiftUpdateCheck = 1540;
				LastUpgradeCheck = 1540;
				TargetAttributes = {
					F2AF49ED2095410EAC324471 = {
						CreatedOnToolsVersion = 15.4;
					};
				};
			};
			buildConfigurationList = 3A27B560D72242DA8A08E430 /* Build configuration list for PBXProject "Noonan" */;
			compatibilityVersion = "Xcode 14.0";
			developmentRegion = en;
			hasScannedForEncodings = 0;
			knownRegions = (
				en,
				Base,
			);
			mainGroup = 3C7F6D9A840B47ED95652103 /* = */;
			packageReferences = (
				FCF65EDB01324C338432D4C9 /* XCRemoteSwiftPackageReference "supabase-swift" */,
			);
			productRefGroup = 1383A2DB70DC4EA7AB1E4ACB /* Products */;
			projectDirPath = "";
			projectRoot = "";
			targets = (
				F2AF49ED2095410EAC324471 /* Noonan */,
			);
		};
/* End PBXProject section */

/* Begin PBXResourcesBuildPhase section */
		DF29E49ACF464909BFA358D2 /* Resources */ = {
			isa = PBXResourcesBuildPhase;
			buildActionMask = 2147483647;
			files = (
			);
			runOnlyForDeploymentPostprocessing = 0;
		};
/* End PBXResourcesBuildPhase section */

/* Begin PBXSourcesBuildPhase section */
		BC88CC76DC404759A129B18C /* Sources */ = {
			isa = PBXSourcesBuildPhase;
			buildActionMask = 2147483647;
			files = (
				265B6E91D2C64428BE348CAC /* NoonanApp.swift in Sources */,
				3BF4704592DB4B5183B5DC0C /* ContentView.swift in Sources */,
				A1B2C3D4E5F647A8B9C0D1E2 /* Config.swift in Sources */,
				A2B3C4D5E6F748B9C0D1E2F3 /* SupabaseClient.swift in Sources */,
				A3B4C5D6E7F849CAD1E2F3A4 /* User.swift in Sources */,
				A4B5C6D7E8F94ADBE2F3A4B5 /* Round.swift in Sources */,
				A5B6C7D8E9FA5BECF3A4B5C6 /* Conversation.swift in Sources */,
				A6B7C8D9EAFB6CFDA4B5C6D7 /* Message.swift in Sources */,
				A7B8C9DAEBFC7DAEB5C6D7E8 /* Course.swift in Sources */,
			);
			runOnlyForDeploymentPostprocessing = 0;
		};
/* End PBXSourcesBuildPhase section */

/* Begin XCBuildConfiguration section */
		973BF33E7C6D44168B49C224 /* Debug */ = {
			isa = XCBuildConfiguration;
			buildSettings = {
				ALWAYS_SEARCH_USER_PATHS = NO;
				ASSETCATALOG_COMPILER_GENERATE_SWIFT_ASSET_SYMBOL_EXTENSIONS = YES;
				CLANG_ANALYZER_NONNULL = YES;
				CLANG_ANALYZER_NUMBER_OBJECT_CONVERSION = YES_AGGRESSIVE;
				CLANG_CXX_LANGUAGE_STANDARD = "gnu++20";
				CLANG_ENABLE_MODULES = YES;
				CLANG_ENABLE_OBJC_ARC = YES;
				CLANG_ENABLE_OBJC_WEAK = YES;
				CLANG_WARN_BLOCK_CAPTURE_AUTORELEASING = YES;
				CLANG_WARN_BOOL_CONVERSION = YES;
				CLANG_WARN_COMMA = YES;
				CLANG_WARN_CONSTANT_CONVERSION = YES;
				CLANG_WARN_DEPRECATED_OBJC_IMPLEMENTATIONS = YES;
				CLANG_WARN_DIRECT_OBJC_ISA_USAGE = YES_ERROR;
				CLANG_WARN_DOCUMENTATION_COMMENTS = YES;
				CLANG_WARN_EMPTY_BODY = YES;
				CLANG_WARN_ENUM_CONVERSION = YES;
				CLANG_WARN_INFINITE_RECURSION = YES;
				CLANG_WARN_INT_CONVERSION = YES;
				CLANG_WARN_NON_LITERAL_NULL_CONVERSION = YES;
				CLANG_WARN_OBJC_IMPLICIT_RETAIN_SELF = YES;
				CLANG_WARN_OBJC_LITERAL_CONVERSION = YES;
				CLANG_WARN_OBJC_ROOT_CLASS = YES_ERROR;
				CLANG_WARN_QUOTED_INCLUDE_IN_FRAMEWORK_HEADER = YES;
				CLANG_WARN_RANGE_LOOP_ANALYSIS = YES;
				CLANG_WARN_STRICT_PROTOTYPES = YES;
				CLANG_WARN_SUSPICIOUS_MOVE = YES;
				CLANG_WARN_UNGUARDED_AVAILABILITY = YES_AGGRESSIVE;
				CLANG_WARN_UNREACHABLE_CODE = YES;
				CLANG_WARN__DUPLICATE_METHOD_MATCH = YES;
				COPY_PHASE_STRIP = NO;
				DEBUG_INFORMATION_FORMAT = dwarf;
				ENABLE_STRICT_OBJC_MSGSEND = YES;
				ENABLE_TESTABILITY = YES;
				ENABLE_USER_SCRIPT_SANDBOXING = YES;
				GCC_C_LANGUAGE_STANDARD = gnu17;
				GCC_DYNAMIC_NO_PIC = NO;
				GCC_NO_COMMON_BLOCKS = YES;
				GCC_OPTIMIZATION_LEVEL = 0;
				GCC_PREPROCESSOR_DEFINITIONS = (
					"DEBUG=1",
					"$(inherited)",
				);
				GCC_WARN_64_TO_32_BIT_CONVERSION = YES;
				GCC_WARN_ABOUT_RETURN_TYPE = YES_ERROR;
				GCC_WARN_UNDECLARED_SELECTOR = YES;
				GCC_WARN_UNINITIALIZED_AUTOS = YES_AGGRESSIVE;
				GCC_WARN_UNUSED_FUNCTION = YES;
				GCC_WARN_UNUSED_VARIABLE = YES;
				IPHONEOS_DEPLOYMENT_TARGET = 17.0;
				LOCALIZATION_PREFERS_STRING_CATALOGS = YES;
				MTL_ENABLE_DEBUG_INFO = INCLUDE_SOURCE;
				MTL_FAST_MATH = YES;
				ONLY_ACTIVE_ARCH = YES;
				SDKROOT = iphoneos;
				SWIFT_ACTIVE_COMPILATION_CONDITIONS = "DEBUG $(inherited)";
				SWIFT_OPTIMIZATION_LEVEL = "-Onone";
			};
			name = Debug;
		};
		738CD5D4D36A49B8B41D2102 /* Release */ = {
			isa = XCBuildConfiguration;
			buildSettings = {
				ALWAYS_SEARCH_USER_PATHS = NO;
				ASSETCATALOG_COMPILER_GENERATE_SWIFT_ASSET_SYMBOL_EXTENSIONS = YES;
				CLANG_ANALYZER_NONNULL = YES;
				CLANG_ANALYZER_NUMBER_OBJECT_CONVERSION = YES_AGGRESSIVE;
				CLANG_CXX_LANGUAGE_STANDARD = "gnu++20";
				CLANG_ENABLE_MODULES = YES;
				CLANG_ENABLE_OBJC_ARC = YES;
				CLANG_ENABLE_OBJC_WEAK = YES;
				CLANG_WARN_BLOCK_CAPTURE_AUTORELEASING = YES;
				CLANG_WARN_BOOL_CONVERSION = YES;
				CLANG_WARN_COMMA = YES;
				CLANG_WARN_CONSTANT_CONVERSION = YES;
				CLANG_WARN_DEPRECATED_OBJC_IMPLEMENTATIONS = YES;
				CLANG_WARN_DIRECT_OBJC_ISA_USAGE = YES_ERROR;
				CLANG_WARN_DOCUMENTATION_COMMENTS = YES;
				CLANG_WARN_EMPTY_BODY = YES;
				CLANG_WARN_ENUM_CONVERSION = YES;
				CLANG_WARN_INFINITE_RECURSION = YES;
				CLANG_WARN_INT_CONVERSION = YES;
				CLANG_WARN_NON_LITERAL_NULL_CONVERSION = YES;
				CLANG_WARN_OBJC_IMPLICIT_RETAIN_SELF = YES;
				CLANG_WARN_OBJC_LITERAL_CONVERSION = YES;
				CLANG_WARN_OBJC_ROOT_CLASS = YES_ERROR;
				CLANG_WARN_QUOTED_INCLUDE_IN_FRAMEWORK_HEADER = YES;
				CLANG_WARN_RANGE_LOOP_ANALYSIS = YES;
				CLANG_WARN_STRICT_PROTOTYPES = YES;
				CLANG_WARN_SUSPICIOUS_MOVE = YES;
				CLANG_WARN_UNGUARDED_AVAILABILITY = YES_AGGRESSIVE;
				CLANG_WARN_UNREACHABLE_CODE = YES;
				CLANG_WARN__DUPLICATE_METHOD_MATCH = YES;
				COPY_PHASE_STRIP = NO;
				DEBUG_INFORMATION_FORMAT = "dwarf-with-dsym";
				ENABLE_NS_ASSERTIONS = NO;
				ENABLE_STRICT_OBJC_MSGSEND = YES;
				ENABLE_USER_SCRIPT_SANDBOXING = YES;
				GCC_C_LANGUAGE_STANDARD = gnu17;
				GCC_NO_COMMON_BLOCKS = YES;
				GCC_WARN_64_TO_32_BIT_CONVERSION = YES;
				GCC_WARN_ABOUT_RETURN_TYPE = YES_ERROR;
				GCC_WARN_UNDECLARED_SELECTOR = YES;
				GCC_WARN_UNINITIALIZED_AUTOS = YES_AGGRESSIVE;
				GCC_WARN_UNUSED_FUNCTION = YES;
				GCC_WARN_UNUSED_VARIABLE = YES;
				IPHONEOS_DEPLOYMENT_TARGET = 17.0;
				LOCALIZATION_PREFERS_STRING_CATALOGS = YES;
				MTL_ENABLE_DEBUG_INFO = NO;
				MTL_FAST_MATH = YES;
				SDKROOT = iphoneos;
				SWIFT_COMPILATION_MODE = wholemodule;
				VALIDATE_PRODUCT = YES;
			};
			name = Release;
		};
		BD0AD77329DF4FF681344BD4 /* Debug */ = {
			isa = XCBuildConfiguration;
			buildSettings = {
				ASSETCATALOG_COMPILER_APPICON_NAME = AppIcon;
				ASSETCATALOG_COMPILER_GLOBAL_ACCENT_COLOR_NAME = AccentColor;
				CODE_SIGN_STYLE = Automatic;
				CURRENT_PROJECT_VERSION = 1;
				DEVELOPMENT_ASSET_PATHS = "";
				ENABLE_PREVIEWS = YES;
				GENERATE_INFOPLIST_FILE = YES;
				INFOPLIST_KEY_UIApplicationSceneManifest_Generation = YES;
				INFOPLIST_KEY_UIApplicationSupportsIndirectInputEvents = YES;
				INFOPLIST_KEY_UILaunchScreen_Generation = YES;
				INFOPLIST_KEY_UISupportedInterfaceOrientations_iPad = "UIInterfaceOrientationPortrait UIInterfaceOrientationPortraitUpsideDown UIInterfaceOrientationLandscapeLeft UIInterfaceOrientationLandscapeRight";
				INFOPLIST_KEY_UISupportedInterfaceOrientations_iPhone = "UIInterfaceOrientationPortrait UIInterfaceOrientationLandscapeLeft UIInterfaceOrientationLandscapeRight";
				LD_RUNPATH_SEARCH_PATHS = (
					"$(inherited)",
					"@executable_path/Frameworks",
				);
				MARKETING_VERSION = 1.0;
				PRODUCT_BUNDLE_IDENTIFIER = com.noonan.Noonan;
				PRODUCT_NAME = "$(TARGET_NAME)";
				SWIFT_EMIT_LOC_STRINGS = YES;
				SWIFT_VERSION = 5.0;
				TARGETED_DEVICE_FAMILY = "1,2";
			};
			name = Debug;
		};
		0F2B75CF60AB4A4B966DB9AA /* Release */ = {
			isa = XCBuildConfiguration;
			buildSettings = {
				ASSETCATALOG_COMPILER_APPICON_NAME = AppIcon;
				ASSETCATALOG_COMPILER_GLOBAL_ACCENT_COLOR_NAME = AccentColor;
				CODE_SIGN_STYLE = Automatic;
				CURRENT_PROJECT_VERSION = 1;
				DEVELOPMENT_ASSET_PATHS = "";
				ENABLE_PREVIEWS = YES;
				GENERATE_INFOPLIST_FILE = YES;
				INFOPLIST_KEY_UIApplicationSceneManifest_Generation = YES;
				INFOPLIST_KEY_UIApplicationSupportsIndirectInputEvents = YES;
				INFOPLIST_KEY_UILaunchScreen_Generation = YES;
				INFOPLIST_KEY_UISupportedInterfaceOrientations_iPad = "UIInterfaceOrientationPortrait UIInterfaceOrientationPortraitUpsideDown UIInterfaceOrientationLandscapeLeft UIInterfaceOrientationLandscapeRight";
				INFOPLIST_KEY_UISupportedInterfaceOrientations_iPhone = "UIInterfaceOrientationPortrait UIInterfaceOrientationLandscapeLeft UIInterfaceOrientationLandscapeRight";
				LD_RUNPATH_SEARCH_PATHS = (
					"$(inherited)",
					"@executable_path/Frameworks",
				);
				MARKETING_VERSION = 1.0;
				PRODUCT_BUNDLE_IDENTIFIER = com.noonan.Noonan;
				PRODUCT_NAME = "$(TARGET_NAME)";
				SWIFT_EMIT_LOC_STRINGS = YES;
				SWIFT_VERSION = 5.0;
				TARGETED_DEVICE_FAMILY = "1,2";
			};
			name = Release;
		};
/* End XCBuildConfiguration section */

/* Begin XCConfigurationList section */
		3A27B560D72242DA8A08E430 /* Build configuration list for PBXProject "Noonan" */ = {
			isa = XCConfigurationList;
			buildConfigurations = (
				973BF33E7C6D44168B49C224 /* Debug */,
				738CD5D4D36A49B8B41D2102 /* Release */,
			);
			defaultConfigurationIsVisible = 0;
			defaultConfigurationName = Release;
		};
		942CB0CB5BC44089ABEB9DFF /* Build configuration list for PBXNativeTarget "Noonan" */ = {
			isa = XCConfigurationList;
			buildConfigurations = (
				BD0AD77329DF4FF681344BD4 /* Debug */,
				0F2B75CF60AB4A4B966DB9AA /* Release */,
			);
			defaultConfigurationIsVisible = 0;
			defaultConfigurationName = Release;
		};
/* End XCConfigurationList section */

/* Begin XCRemoteSwiftPackageReference section */
		FCF65EDB01324C338432D4C9 /* XCRemoteSwiftPackageReference "supabase-swift" */ = {
			isa = XCRemoteSwiftPackageReference;
			repositoryURL = "https://github.com/supabase/supabase-swift";
			requirement = {
				kind = upToNextMajorVersion;
				minimumVersion = 2.0.0;
			};
		};
/* End XCRemoteSwiftPackageReference section */

/* Begin XCSwiftPackageProductDependency section */
		3906B1047E3F49F59E5A4454 /* Supabase */ = {
			isa = XCSwiftPackageProductDependency;
			package = FCF65EDB01324C338432D4C9 /* XCRemoteSwiftPackageReference "supabase-swift" */;
			productName = Supabase;
		};
/* End XCSwiftPackageProductDependency section */
	};
	rootObject = E6D3DC4F3280434DB148998E /* Project object */;
}
